      "integrity": "sha512-0qjhiYBaKAqF63LA1ZWAAnKTzFUguAaZiRa5etMLGGPj/B6uEVjtIZldIzFEp3wHlB0koK6aTzqPtSdplTCjoA==",
      "cpu": [
        "arm64"
      ],
      "libc": [
        "musl"
      ],
      "license": "MIT",
      "optional": true,
      "os": [
        "linux"
      ],
      "engines": {
        "node": ">= 10"
      }
    },
    "node_modules/@next/swc-linux-x64-gnu": {
      "version": "16.2.12",
      "resolved": "https://registry.npmmirror.com/@next/swc-linux-x64-gnu/-/swc-linux-x64-gnu-16.2.12.tgz",
      "integrity": "sha512-7A3q26W+h7gnA15uqBToNuDqBEFZZcqh0mW2mn4AJh/G5pdg2RVE3n4slzLEliASZFG3NmsbEzng/x2Sh09mBg==",
      "cpu": [
        "x64"
      ],
      "libc": [
        "glibc"
      ],
      "license": "MIT",
      "optional": true,
      "os": [
        "linux"
      ],
      "engines": {
        "node": ">= 10"
      }
    },
    "node_modules/@next/swc-linux-x64-musl": {
      "version": "16.2.12",
      "resolved": "https://registry.npmmirror.com/@next/swc-linux-x64-musl/-/swc-linux-x64-musl-16.2.12.tgz",
      "integrity": "sha512-qSjL/uppm+cbh21s72Ss8gkiOhQ4dExWHNGOWy6eZV7STj5WsKehgxT61beSsOj+YYQuTplL376lOCdMQU5T8w==",
      "cpu": [
        "x64"
      ],
      "libc": [
        "musl"
      ],
      "license": "MIT",
      "optional": true,
      "os": [
        "linux"
      ],
      "engines": {
        "node": ">= 10"
      }
    },
    "node_modules/@next/swc-win32-arm64-msvc": {
      "version": "16.2.12",
      "resolved": "https://registry.npmmirror.com/@next/swc-win32-arm64-msvc/-/swc-win32-arm64-msvc-16.2.12.tgz",
      "integrity": "sha512-X6hzsOUJac/e7AWSbn9gQ9nzHld1xWP5iyjHpYWvud8pufB679O1xg4JDyKr8Xd69Jvd+kM2Der6uftiZCmjYA==",
      "cpu": [
        "arm64"
      ],
      "license": "MIT",
      "optional": true,
      "os": [
        "win32"
      ],
      "engines": {
        "node": ">= 10"
      }
    },
    "node_modules/@next/swc-win32-x64-msvc": {
      "version": "16.2.12",
      "resolved": "https://registry.npmmirror.com/@next/swc-win32-x64-msvc/-/swc-win32-x64-msvc-16.2.12.tgz",
      "integrity": "sha512-F6fakeHuFTLOPt0bslQJdf+xtT+WIP9DVn/m4y1w1mRnVPyh3D/cNvzlRkxM444xfm+IvvYNSOrKiA2CDJ0Uxw==",
      "cpu": [
        "x64"
      ],
      "license": "MIT",
